
Microsoft Visual Studio Solution File, Format Version 12.00
# Visual Studio Version 17
VisualStudioVersion = 17.4.33205.214
MinimumVisualStudioVersion = 10.0.40219.1
Project("{FAE04EC0-301F-11D3-BF4B-00C04F79EFBC}") = "SimpleMathExpressionEvaluator", "SimpleMathExpressionEvaluator.csproj", "{700474E0-4603-487C-9337-8A9432A8892D}"
EndProject
Global
	GlobalSection(SolutionConfigurationPlatforms) = preSolution
		Debug|Any CPU = Debug|Any CPU
		Release|Any CPU = Release|Any CPU
	EndGlobalSection
	GlobalSection(ProjectConfigurationPlatforms) = postSolution
		{700474E0-4603-487C-9337-8A9432A8892D}.Debug|Any CPU.ActiveCfg = Debug|Any CPU
		{700474E0-4603-487C-9337-8A9432A8892D}.Debug|Any CPU.Build.0 = Debug|Any CPU
		{700474E0-4603-487C-9337-8A9432A8892D}.Release|Any CPU.ActiveCfg = Release|Any CPU
		{700474E0-4603-487C-9337-8A9432A8892D}.Release|Any CPU.Build.0 = Release|Any CPU
	EndGlobalSection
	GlobalSection(SolutionProperties) = preSolution
		HideSolutionNode = FALSE
	EndGlobalSection
	GlobalSection(ExtensibilityGlobals) = postSolution
		SolutionGuid = {DB7CD8FF-C313-470D-BBC7-56F064D0707E}
	EndGlobalSection
EndGlobal
